
Microsoft Visual Studio Solution File, Format Version 12.00
# Visual Studio 15
Project("{FAE04EC0-301F-11D3-BF4B-00C04F79EFBC}") = "Unity.XR.Interaction.Toolkit.Samples.StarterAssets", "Unity.XR.Interaction.Toolkit.Samples.StarterAssets.csproj", "{061C086F-805D-D86F-0F91-0DE4EC4AB3B3}"
EndProject
Project("{FAE04EC0-301F-11D3-BF4B-00C04F79EFBC}") = "Siccity.GLTFUtility", "Siccity.GLTFUtility.csproj", "{29B8ED08-6450-75F1-B785-45A9A6748A93}"
EndProject
Project("{FAE04EC0-301F-11D3-BF4B-00C04F79EFBC}") = "Assembly-CSharp", "Assembly-CSharp.csproj", "{A637E3FA-F1AF-A801-C8AA-4C57186FFF5D}"
EndProject
Project("{FAE04EC0-301F-11D3-BF4B-00C04F79EFBC}") = "Siccity.GLTFUtility.Editor", "Siccity.GLTFUtility.Editor.csproj", "{7ED556F5-BC95-F7CE-C905-B861E33203D9}"
EndProject
Project("{FAE04EC0-301F-11D3-BF4B-00C04F79EFBC}") = "Unity.XR.Interaction.Toolkit.Samples.StarterAssets.Editor", "Unity.XR.Interaction.Toolkit.Samples.StarterAssets.Editor.csproj", "{5DB27EF0-6CAE-3E28-08BA-8A63A6DEBC0D}"
EndProject
Global
	GlobalSection(SolutionConfigurationPlatforms) = preSolution
		Debug|Any CPU = Debug|Any CPU
		Release|Any CPU = Release|Any CPU
	EndGlobalSection
	GlobalSection(ProjectConfigurationPlatforms) = postSolution
		{061C086F-805D-D86F-0F91-0DE4EC4AB3B3}.Debug|Any CPU.ActiveCfg = Debug|Any CPU
		{061C086F-805D-D86F-0F91-0DE4EC4AB3B3}.Debug|Any CPU.Build.0 = Debug|Any CPU
		{061C086F-805D-D86F-0F91-0DE4EC4AB3B3}.Release|Any CPU.ActiveCfg = Release|Any CPU
		{061C086F-805D-D86F-0F91-0DE4EC4AB3B3}.Release|Any CPU.Build.0 = Release|Any CPU
		{29B8ED08-6450-75F1-B785-45A9A6748A93}.Debug|Any CPU.ActiveCfg = Debug|Any CPU
		{29B8ED08-6450-75F1-B785-45A9A6748A93}.Debug|Any CPU.Build.0 = Debug|Any CPU
		{29B8ED08-6450-75F1-B785-45A9A6748A93}.Release|Any CPU.ActiveCfg = Release|Any CPU
		{29B8ED08-6450-75F1-B785-45A9A6748A93}.Release|Any CPU.Build.0 = Release|Any CPU
		{A637E3FA-F1AF-A801-C8AA-4C57186FFF5D}.Debug|Any CPU.ActiveCfg = Debug|Any CPU
		{A637E3FA-F1AF-A801-C8AA-4C57186FFF5D}.Debug|Any CPU.Build.0 = Debug|Any CPU
		{A637E3FA-F1AF-A801-C8AA-4C57186FFF5D}.Release|Any CPU.ActiveCfg = Release|Any CPU
		{A637E3FA-F1AF-A801-C8AA-4C57186FFF5D}.Release|Any CPU.Build.0 = Release|Any CPU
		{7ED556F5-BC95-F7CE-C905-B861E33203D9}.Debug|Any CPU.ActiveCfg = Debug|Any CPU
		{7ED556F5-BC95-F7CE-C905-B861E33203D9}.Debug|Any CPU.Build.0 = Debug|Any CPU
		{7ED556F5-BC95-F7CE-C905-B861E33203D9}.Release|Any CPU.ActiveCfg = Release|Any CPU
		{7ED556F5-BC95-F7CE-C905-B861E33203D9}.Release|Any CPU.Build.0 = Release|Any CPU
		{5DB27EF0-6CAE-3E28-08BA-8A63A6DEBC0D}.Debug|Any CPU.ActiveCfg = Debug|Any CPU
		{5DB27EF0-6CAE-3E28-08BA-8A63A6DEBC0D}.Debug|Any CPU.Build.0 = Debug|Any CPU
		{5DB27EF0-6CAE-3E28-08BA-8A63A6DEBC0D}.Release|Any CPU.ActiveCfg = Release|Any CPU
		{5DB27EF0-6CAE-3E28-08BA-8A63A6DEBC0D}.Release|Any CPU.Build.0 = Release|Any CPU
	EndGlobalSection
	GlobalSection(SolutionProperties) = preSolution
		HideSolutionNode = FALSE
	EndGlobalSection
EndGlobal
